
Microsoft Visual Studio Solution File, Format Version 12.00
Project("{FAE04EC0-301F-11D3-BF4B-00C04F79EFBC}") = "灵犀笔试", "灵犀笔试.csproj", "{5859B64A-CA97-435E-9FAF-46FB12103163}"
EndProject
Global
	GlobalSection(SolutionConfigurationPlatforms) = preSolution
		Debug|Any CPU = Debug|Any CPU
		Release|Any CPU = Release|Any CPU
	EndGlobalSection
	GlobalSection(ProjectConfigurationPlatforms) = postSolution
		{5859B64A-CA97-435E-9FAF-46FB12103163}.Debug|Any CPU.ActiveCfg = Debug|Any CPU
		{5859B64A-CA97-435E-9FAF-46FB12103163}.Debug|Any CPU.Build.0 = Debug|Any CPU
		{5859B64A-CA97-435E-9FAF-46FB12103163}.Release|Any CPU.ActiveCfg = Release|Any CPU
		{5859B64A-CA97-435E-9FAF-46FB12103163}.Release|Any CPU.Build.0 = Release|Any CPU
	EndGlobalSection
EndGlobal
